// !$*UTF8*$!
{
	archiveVersion = 1;
	classes = {
	};
	objectVersion = 46;
	objects = {

/* Begin PBXBuildFile section */
		1ADA33B11BC12F6000D65D9E /* main.m in Sources */ = {isa = PBXBuildFile; fileRef = 1ADA33B01BC12F6000D65D9E /* main.m */; };
		1ADA33B41BC12F6000D65D9E /* AppDelegate.m in Sources */ = {isa = PBXBuildFile; fileRef = 1ADA33B31BC12F6000D65D9E /* AppDelegate.m */; };
		1ADA33B71BC12F6000D65D9E /* ViewController.m in Sources */ = {isa = PBXBuildFile; fileRef = 1ADA33B61BC12F6000D65D9E /* ViewController.m */; };
		1ADA33BA1BC12F6000D65D9E /* Main.storyboard in Resources */ = {isa = PBXBuildFile; fileRef = 1ADA33B81BC12F6000D65D9E /* Main.storyboard */; };
		1ADA33BC1BC12F6000D65D9E /* Assets.xcassets in Resources */ = {isa = PBXBuildFile; fileRef = 1ADA33BB1BC12F6000D65D9E /* Assets.xcassets */; };
		1ADA33BF1BC12F6000D65D9E /* LaunchScreen.storyboard in Resources */ = {isa = PBXBuildFile; fileRef = 1ADA33BD1BC12F6000D65D9E /* LaunchScreen.storyboard */; };
		1ADA33CA1BC12F6000D65D9E /* SIC_FishCtrlTests.m in Sources */ = {isa = PBXBuildFile; fileRef = 1ADA33C91BC12F6000D65D9E /* SIC_FishCtrlTests.m */; };
		1ADA33D51BC12F6000D65D9E /* SIC_FishCtrlUITests.m in Sources */ = {isa = PBXBuildFile; fileRef = 1ADA33D41BC12F6000D65D9E /* SIC_FishCtrlUITests.m */; };
		1ADA33DA1BC12F6000D65D9E /* SIC-FishCtrl WatchKit App.app in Embed Watch Content */ = {isa = PBXBuildFile; fileRef = 1ADA33D91BC12F6000D65D9E /* SIC-FishCtrl WatchKit App.app */; };
		1ADA33E01BC12F6000D65D9E /* Interface.storyboard in Resources */ = {isa = PBXBuildFile; fileRef = 1ADA33DE1BC12F6000D65D9E /* Interface.storyboard */; };
		1ADA33E21BC12F6000D65D9E /* Assets.xcassets in Resources */ = {isa = PBXBuildFile; fileRef = 1ADA33E11BC12F6000D65D9E /* Assets.xcassets */; };
		1ADA33E91BC12F6000D65D9E /* SIC-FishCtrl WatchKit Extension.appex in Embed App Extensions */ = {isa = PBXBuildFile; fileRef = 1ADA33E81BC12F6000D65D9E /* SIC-FishCtrl WatchKit Extension.appex */; settings = {ATTRIBUTES = (RemoveHeadersOnCopy, ); }; };
		1ADA33EF1BC12F6000D65D9E /* InterfaceController.m in Sources */ = {isa = PBXBuildFile; fileRef = 1ADA33EE1BC12F6000D65D9E /* InterfaceController.m */; };
		1ADA33F21BC12F6000D65D9E /* ExtensionDelegate.m in Sources */ = {isa = PBXBuildFile; fileRef = 1ADA33F11BC12F6000D65D9E /* ExtensionDelegate.m */; };
		1ADA33F41BC12F6000D65D9E /* Assets.xcassets in Resources */ = {isa = PBXBuildFile; fileRef = 1ADA33F31BC12F6000D65D9E /* Assets.xcassets */; };
/* End PBXBuildFile section */

/* Begin PBXContainerItemProxy section */
		1ADA33C61BC12F6000D65D9E /* PBXContainerItemProxy */ = {
			isa = PBXContainerItemProxy;
			containerPortal = 1ADA33A41BC12F6000D65D9E /* Project object */;
			proxyType = 1;
			remoteGlobalIDString = 1ADA33AB1BC12F6000D65D9E;
			remoteInfo = "SIC-FishCtrl";
		};
		1ADA33D11BC12F6000D65D9E /* PBXContainerItemProxy */ = {
			isa = PBXContainerItemProxy;
			containerPortal = 1ADA33A41BC12F6000D65D9E /* Project object */;
			proxyType = 1;
			remoteGlobalIDString = 1ADA33AB1BC12F6000D65D9E;
			remoteInfo = "SIC-FishCtrl";
		};
		1ADA33DB1BC12F6000D65D9E /* PBXContainerItemProxy */ = {
			isa = PBXContainerItemProxy;
			containerPortal = 1ADA33A41BC12F6000D65D9E /* Project object */;
			proxyType = 1;
			remoteGlobalIDString = 1ADA33D81BC12F6000D65D9E;
			remoteInfo = "SIC-FishCtrl WatchKit App";
		};
		1ADA33EA1BC12F6000D65D9E /* PBXContainerItemProxy */ = {
			isa = PBXContainerItemProxy;
			containerPortal = 1ADA33A41BC12F6000D65D9E /* Project object */;
			proxyType = 1;
			remoteGlobalIDString = 1ADA33E71BC12F6000D65D9E;
			remoteInfo = "SIC-FishCtrl WatchKit Extension";
		};
/* End PBXContainerItemProxy section */

/* Begin PBXCopyFilesBuildPhase section */
		1ADA33FB1BC12F6000D65D9E /* Embed App Extensions */ = {
			isa = PBXCopyFilesBuildPhase;
			buildActionMask = 2147483647;
			dstPath = "";
			dstSubfolderSpec = 13;
			files = (
				1ADA33E91BC12F6000D65D9E /* SIC-FishCtrl WatchKit Extension.appex in Embed App Extensions */,
			);
			name = "Embed App Extensions";
			runOnlyForDeploymentPostprocessing = 0;
		};
		1ADA33FF1BC12F6000D65D9E /* Embed Watch Content */ = {
			isa = PBXCopyFilesBuildPhase;
			buildActionMask = 2147483647;
			dstPath = "$(CONTENTS_FOLDER_PATH)/Watch";
			dstSubfolderSpec = 16;
			files = (
				1ADA33DA1BC12F6000D65D9E /* SIC-FishCtrl WatchKit App.app in Embed Watch Content */,
			);
			name = "Embed Watch Content";
			runOnlyForDeploymentPostprocessing = 0;
		};
/* End PBXCopyFilesBuildPhase section */

/* Begin PBXFileReference section */
		1ADA33AC1BC12F6000D65D9E /* SIC-FishCtrl.app */ = {isa = PBXFileReference; explicitFileType = wrapper.application; includeInIndex = 0; path = "SIC-FishCtrl.app"; sourceTree = BUILT_PRODUCTS_DIR; };
		1ADA33B01BC12F6000D65D9E /* main.m */ = {isa = PBXFileReference; lastKnownFileType = sourcecode.c.objc; path = main.m; sourceTree = "<group>"; };
		1ADA33B21BC12F6000D65D9E /* AppDelegate.h */ = {isa = PBXFileReference; lastKnownFileType = sourcecode.c.h; path = AppDelegate.h; sourceTree = "<group>"; };
		1ADA33B31BC12F6000D65D9E /* AppDelegate.m */ = {isa = PBXFileReference; lastKnownFileType = sourcecode.c.objc; path = AppDelegate.m; sourceTree = "<group>"; };
		1ADA33B51BC12F6000D65D9E /* ViewController.h */ = {isa = PBXFileReference; lastKnownFileType = sourcecode.c.h; path = ViewController.h; sourceTree = "<group>"; };
		1ADA33B61BC12F6000D65D9E /* ViewController.m */ = {isa = PBXFileReference; lastKnownFileType = sourcecode.c.objc; path = ViewController.m; sourceTree = "<group>"; };
		1ADA33B91BC12F6000D65D9E /* Base */ = {isa = PBXFileReference; lastKnownFileType = file.storyboard; name = Base; path = Base.lproj/Main.storyboard; sourceTree = "<group>"; };
		1ADA33BB1BC12F6000D65D9E /* Assets.xcassets */ = {isa = PBXFileReference; lastKnownFileType = folder.assetcatalog; path = Assets.xcassets; sourceTree = "<group>"; };
		1ADA33BE1BC12F6000D65D9E /* Base */ = {isa = PBXFileReference; lastKnownFileType = file.storyboard; name = Base; path = Base.lproj/LaunchScreen.storyboard; sourceTree = "<group>"; };
		1ADA33C01BC12F6000D65D9E /* Info.plist */ = {isa = PBXFileReference; lastKnownFileType = text.plist.xml; path = Info.plist; sourceTree = "<group>"; };
		1ADA33C51BC12F6000D65D9E /* SIC-FishCtrlTests.xctest */ = {isa = PBXFileReference; explicitFileType = wrapper.cfbundle; includeInIndex = 0; path = "SIC-FishCtrlTests.xctest"; sourceTree = BUILT_PRODUCTS_DIR; };
		1ADA33C91BC12F6000D65D9E /* SIC_FishCtrlTests.m */ = {isa = PBXFileReference; lastKnownFileType = sourcecode.c.objc; path = SIC_FishCtrlTests.m; sourceTree = "<group>"; };
		1ADA33CB1BC12F6000D65D9E /* Info.plist */ = {isa = PBXFileReference; lastKnownFileType = text.plist.xml; path = Info.plist; sourceTree = "<group>"; };
		1ADA33D01BC12F6000D65D9E /* SIC-FishCtrlUITests.xctest */ = {isa = PBXFileReference; explicitFileType = wrapper.cfbundle; includeInIndex = 0; path = "SIC-FishCtrlUITests.xctest"; sourceTree = BUILT_PRODUCTS_DIR; };
		1ADA33D41BC12F6000D65D9E /* SIC_FishCtrlUITests.m */ = {isa = PBXFileReference; lastKnownFileType = sourcecode.c.objc; path = SIC_FishCtrlUITests.m; sourceTree = "<group>"; };
		1ADA33D61BC12F6000D65D9E /* Info.plist */ = {isa = PBXFileReference; lastKnownFileType = text.plist.xml; path = Info.plist; sourceTree = "<group>"; };
		1ADA33D91BC12F6000D65D9E /* SIC-FishCtrl WatchKit App.app */ = {isa = PBXFileReference; explicitFileType = wrapper.application; includeInIndex = 0; path = "SIC-FishCtrl WatchKit App.app"; sourceTree = BUILT_PRODUCTS_DIR; };
		1ADA33DF1BC12F6000D65D9E /* Base */ = {isa = PBXFileReference; lastKnownFileType = file.storyboard; name = Base; path = Base.lproj/Interface.storyboard; sourceTree = "<group>"; };
		1ADA33E11BC12F6000D65D9E /* Assets.xcassets */ = {isa = PBXFileReference; lastKnownFileType = folder.assetcatalog; path = Assets.xcassets; sourceTree = "<group>"; };
		1ADA33E31BC12F6000D65D9E /* Info.plist */ = {isa = PBXFileReference; lastKnownFileType = text.plist.xml; path = Info.plist; sourceTree = "<group>"; };
		1ADA33E81BC12F6000D65D9E /* SIC-FishCtrl WatchKit Extension.appex */ = {isa = PBXFileReference; explicitFileType = "wrapper.app-extension"; includeInIndex = 0; path = "SIC-FishCtrl WatchKit Extension.appex"; sourceTree = BUILT_PRODUCTS_DIR; };
		1ADA33ED1BC12F6000D65D9E /* InterfaceController.h */ = {isa = PBXFileReference; lastKnownFileType = sourcecode.c.h; path = InterfaceController.h; sourceTree = "<group>"; };
		1ADA33EE1BC12F6000D65D9E /* InterfaceController.m */ = {isa = PBXFileReference; lastKnownFileType = sourcecode.c.objc; path = InterfaceController.m; sourceTree = "<group>"; };
		1ADA33F01BC12F6000D65D9E /* ExtensionDelegate.h */ = {isa = PBXFileReference; lastKnownFileType = sourcecode.c.h; path = ExtensionDelegate.h; sourceTree = "<group>"; };
		1ADA33F11BC12F6000D65D9E /* ExtensionDelegate.m */ = {isa = PBXFileReference; lastKnownFileType = sourcecode.c.objc; path = ExtensionDelegate.m; sourceTree = "<group>"; };
		1ADA33F31BC12F6000D65D9E /* Assets.xcassets */ = {isa = PBXFileReference; lastKnownFileType = folder.assetcatalog; path = Assets.xcassets; sourceTree = "<group>"; };
		1ADA33F51BC12F6000D65D9E /* Info.plist */ = {isa = PBXFileReference; lastKnownFileType = text.plist.xml; path = Info.plist; sourceTree = "<group>"; };
/* End PBXFileReference section */

/* Begin PBXFrameworksBuildPhase section */
		1ADA33A91BC12F6000D65D9E /* Frameworks */ = {
			isa = PBXFrameworksBuildPhase;
			buildActionMask = 2147483647;
			files = (
			);
			runOnlyForDeploymentPostprocessing = 0;
		};
		1ADA33C21BC12F6000D65D9E /* Frameworks */ = {
			isa = PBXFrameworksBuildPhase;
			buildActionMask = 2147483647;
			files = (
			);
			runOnlyForDeploymentPostprocessing = 0;
		};
		1ADA33CD1BC12F6000D65D9E /* Frameworks */ = {
			isa = PBXFrameworksBuildPhase;
			buildActionMask = 2147483647;
			files = (
			);
			runOnlyForDeploymentPostprocessing = 0;
		};
		1ADA33E51BC12F6000D65D9E /* Frameworks */ = {
			isa = PBXFrameworksBuildPhase;
			buildActionMask = 2147483647;
			files = (
			);
			runOnlyForDeploymentPostprocessing = 0;
		};
/* End PBXFrameworksBuildPhase section */

/* Begin PBXGroup section */
		1ADA33A31BC12F6000D65D9E = {
			isa = PBXGroup;
			children = (
				1ADA33AE1BC12F6000D65D9E /* SIC-FishCtrl */,
				1ADA33C81BC12F6000D65D9E /* SIC-FishCtrlTests */,
				1ADA33D31BC12F6000D65D9E /* SIC-FishCtrlUITests */,
				1ADA33DD1BC12F6000D65D9E /* SIC-FishCtrl WatchKit App */,
				1ADA33EC1BC12F6000D65D9E /* SIC-FishCtrl WatchKit Extension */,
				1ADA33AD1BC12F6000D65D9E /* Products */,
			);
			sourceTree = "<group>";
		};
		1ADA33AD1BC12F6000D65D9E /* Products */ = {
			isa = PBXGroup;
			children = (
				1ADA33AC1BC12F6000D65D9E /* SIC-FishCtrl.app */,
				1ADA33C51BC12F6000D65D9E /* SIC-FishCtrlTests.xctest */,
				1ADA33D01BC12F6000D65D9E /* SIC-FishCtrlUITests.xctest */,
				1ADA33D91BC12F6000D65D9E /* SIC-FishCtrl WatchKit App.app */,
				1ADA33E81BC12F6000D65D9E /* SIC-FishCtrl WatchKit Extension.appex */,
			);
			name = Products;
			sourceTree = "<group>";
		};
		1ADA33AE1BC12F6000D65D9E /* SIC-FishCtrl */ = {
			isa = PBXGroup;
			children = (
				1ADA33B21BC12F6000D65D9E /* AppDelegate.h */,
				1ADA33B31BC12F6000D65D9E /* AppDelegate.m */,
				1ADA33B51BC12F6000D65D9E /* ViewController.h */,
				1ADA33B61BC12F6000D65D9E /* ViewController.m */,
				1ADA33B81BC12F6000D65D9E /* Main.storyboard */,
				1ADA33BB1BC12F6000D65D9E /* Assets.xcassets */,
				1ADA33BD1BC12F6000D65D9E /* LaunchScreen.storyboard */,
				1ADA33C01BC12F6000D65D9E /* Info.plist */,
				1ADA33AF1BC12F6000D65D9E /* Supporting Files */,
			);
			path = "SIC-FishCtrl";
			sourceTree = "<group>";
		};
		1ADA33AF1BC12F6000D65D9E /* Supporting Files */ = {
			isa = PBXGroup;
			children = (
				1ADA33B01BC12F6000D65D9E /* main.m */,
			);
			name = "Supporting Files";
			sourceTree = "<group>";
		};
		1ADA33C81BC12F6000D65D9E /* SIC-FishCtrlTests */ = {
			isa = PBXGroup;
			children = (
				1ADA33C91BC12F6000D65D9E /* SIC_FishCtrlTests.m */,
				1ADA33CB1BC12F6000D65D9E /* Info.plist */,
			);
			path = "SIC-FishCtrlTests";
			sourceTree = "<group>";
		};
		1ADA33D31BC12F6000D65D9E /* SIC-FishCtrlUITests */ = {
			isa = PBXGroup;
			children = (
				1ADA33D41BC12F6000D65D9E /* SIC_FishCtrlUITests.m */,
				1ADA33D61BC12F6000D65D9E /* Info.plist */,
			);
			path = "SIC-FishCtrlUITests";
			sourceTree = "<group>";
		};
		1ADA33DD1BC12F6000D65D9E /* SIC-FishCtrl WatchKit App */ = {
			isa = PBXGroup;
			children = (
				1ADA33DE1BC12F6000D65D9E /* Interface.storyboard */,
				1ADA33E11BC12F6000D65D9E /* Assets.xcassets */,
				1ADA33E31BC12F6000D65D9E /* Info.plist */,
			);
			path = "SIC-FishCtrl WatchKit App";
			sourceTree = "<group>";
		};
		1ADA33EC1BC12F6000D65D9E /* SIC-FishCtrl WatchKit Extension */ = {
			isa = PBXGroup;
			children = (
				1ADA33ED1BC12F6000D65D9E /* InterfaceController.h */,
				1ADA33EE1BC12F6000D65D9E /* InterfaceController.m */,
				1ADA33F01BC12F6000D65D9E /* ExtensionDelegate.h */,
				1ADA33F11BC12F6000D65D9E /* ExtensionDelegate.m */,
				1ADA33F31BC12F6000D65D9E /* Assets.xcassets */,
				1ADA33F51BC12F6000D65D9E /* Info.plist */,
			);
			path = "SIC-FishCtrl WatchKit Extension";
			sourceTree = "<group>";
		};
/* End PBXGroup section */

/* Begin PBXNativeTarget section */
		1ADA33AB1BC12F6000D65D9E /* SIC-FishCtrl */ = {
			isa = PBXNativeTarget;
			buildConfigurationList = 1ADA34001BC12F6000D65D9E /* Build configuration list for PBXNativeTarget "SIC-FishCtrl" */;
			buildPhases = (
				1ADA33A81BC12F6000D65D9E /* Sources */,
				1ADA33A91BC12F6000D65D9E /* Frameworks */,
				1ADA33AA1BC12F6000D65D9E /* Resources */,
				1ADA33FF1BC12F6000D65D9E /* Embed Watch Content */,
			);
			buildRules = (
			);
			dependencies = (
				1ADA33DC1BC12F6000D65D9E /* PBXTargetDependency */,
			);
			name = "SIC-FishCtrl";
			productName = "SIC-FishCtrl";
			productReference = 1ADA33AC1BC12F6000D65D9E /* SIC-FishCtrl.app */;
			productType = "com.apple.product-type.application";
		};
		1ADA33C41BC12F6000D65D9E /* SIC-FishCtrlTests */ = {
			isa = PBXNativeTarget;
			buildConfigurationList = 1ADA34031BC12F6000D65D9E /* Build configuration list for PBXNativeTarget "SIC-FishCtrlTests" */;
			buildPhases = (
				1ADA33C11BC12F6000D65D9E /* Sources */,
				1ADA33C21BC12F6000D65D9E /* Frameworks */,
				1ADA33C31BC12F6000D65D9E /* Resources */,
			);
			buildRules = (
			);
			dependencies = (
				1ADA33C71BC12F6000D65D9E /* PBXTargetDependency */,
			);
			name = "SIC-FishCtrlTests";
			productName = "SIC-FishCtrlTests";
			productReference = 1ADA33C51BC12F6000D65D9E /* SIC-FishCtrlTests.xctest */;
			productType = "com.apple.product-type.bundle.unit-test";
		};
		1ADA33CF1BC12F6000D65D9E /* SIC-FishCtrlUITests */ = {
			isa = PBXNativeTarget;
			buildConfigurationList = 1ADA34061BC12F6000D65D9E /* Build configuration list for PBXNativeTarget "SIC-FishCtrlUITests" */;
			buildPhases = (
				1ADA33CC1BC12F6000D65D9E /* Sources */,
				1ADA33CD1BC12F6000D65D9E /* Frameworks */,
				1ADA33CE1BC12F6000D65D9E /* Resources */,
			);
			buildRules = (
			);
			dependencies = (
				1ADA33D21BC12F6000D65D9E /* PBXTargetDependency */,
			);
			name = "SIC-FishCtrlUITests";
			productName = "SIC-FishCtrlUITests";
			productReference = 1ADA33D01BC12F6000D65D9E /* SIC-FishCtrlUITests.xctest */;
			productType = "com.apple.product-type.bundle.ui-testing";
		};
		1ADA33D81BC12F6000D65D9E /* SIC-FishCtrl WatchKit App */ = {
			isa = PBXNativeTarget;
			buildConfigurationList = 1ADA33FC1BC12F6000D65D9E /* Build configuration list for PBXNativeTarget "SIC-FishCtrl WatchKit App" */;
			buildPhases = (
				1ADA33D71BC12F6000D65D9E /* Resources */,
				1ADA33FB1BC12F6000D65D9E /* Embed App Extensions */,
			);
			buildRules = (
			);
			dependencies = (
				1ADA33EB1BC12F6000D65D9E /* PBXTargetDependency */,
			);
			name = "SIC-FishCtrl WatchKit App";
			productName = "SIC-FishCtrl WatchKit App";
			productReference = 1ADA33D91BC12F6000D65D9E /* SIC-FishCtrl WatchKit App.app */;
			productType = "com.apple.product-type.application.watchapp2";
		};
		1ADA33E71BC12F6000D65D9E /* SIC-FishCtrl WatchKit Extension */ = {
			isa = PBXNativeTarget;
			buildConfigurationList = 1ADA33F81BC12F6000D65D9E /* Build configuration list for PBXNativeTarget "SIC-FishCtrl WatchKit Extension" */;
			buildPhases = (
				1ADA33E41BC12F6000D65D9E /* Sources */,
				1ADA33E51BC12F6000D65D9E /* Frameworks */,
				1ADA33E61BC12F6000D65D9E /* Resources */,
			);
			buildRules = (
			);
			dependencies = (
			);
			name = "SIC-FishCtrl WatchKit Extension";
			productName = "SIC-FishCtrl WatchKit Extension";
			productReference = 1ADA33E81BC12F6000D65D9E /* SIC-FishCtrl WatchKit Extension.appex */;
			productType = "com.apple.product-type.watchkit2-extension";
		};
/* End PBXNativeTarget section */

/* Begin PBXProject section */
		1ADA33A41BC12F6000D65D9E /* Project object */ = {
			isa = PBXProject;
			attributes = {
				LastUpgradeCheck = 0700;
				ORGANIZATIONNAME = "王權";
				TargetAttributes = {
					1ADA33AB1BC12F6000D65D9E = {
						CreatedOnToolsVersion = 7.0.1;
						DevelopmentTeam = S54932T5S8;
					};
					1ADA33C41BC12F6000D65D9E = {
						CreatedOnToolsVersion = 7.0.1;
						DevelopmentTeam = S54932T5S8;
						TestTargetID = 1ADA33AB1BC12F6000D65D9E;
					};
					1ADA33CF1BC12F6000D65D9E = {
						CreatedOnToolsVersion = 7.0.1;
						DevelopmentTeam = S54932T5S8;
						TestTargetID = 1ADA33AB1BC12F6000D65D9E;
					};
					1ADA33D81BC12F6000D65D9E = {
						CreatedOnToolsVersion = 7.0.1;
						DevelopmentTeam = S54932T5S8;
					};
					1ADA33E71BC12F6000D65D9E = {
						CreatedOnToolsVersion = 7.0.1;
						DevelopmentTeam = S54932T5S8;
					};
				};
			};
			buildConfigurationList = 1ADA33A71BC12F6000D65D9E /* Build configuration list for PBXProject "SIC-FishCtrl" */;
			compatibilityVersion = "Xcode 3.2";
			developmentRegion = English;
			hasScannedForEncodings = 0;
			knownRegions = (
				en,
				Base,
			);
			mainGroup = 1ADA33A31BC12F6000D65D9E;
			productRefGroup = 1ADA33AD1BC12F6000D65D9E /* Products */;
			projectDirPath = "";
			projectRoot = "";
			targets = (
				1ADA33AB1BC12F6000D65D9E /* SIC-FishCtrl */,
				1ADA33C41BC12F6000D65D9E /* SIC-FishCtrlTests */,
				1ADA33CF1BC12F6000D65D9E /* SIC-FishCtrlUITests */,
				1ADA33D81BC12F6000D65D9E /* SIC-FishCtrl WatchKit App */,
				1ADA33E71BC12F6000D65D9E /* SIC-FishCtrl WatchKit Extension */,
			);
		};
/* End PBXProject section */

/* Begin PBXResourcesBuildPhase section */
		1ADA33AA1BC12F6000D65D9E /* Resources */ = {
			isa = PBXResourcesBuildPhase;
			buildActionMask = 2147483647;
			files = (
				1ADA33BF1BC12F6000D65D9E /* LaunchScreen.storyboard in Resources */,
				1ADA33BC1BC12F6000D65D9E /* Assets.xcassets in Resources */,
				1ADA33BA1BC12F6000D65D9E /* Main.storyboard in Resources */,
			);
			runOnlyForDeploymentPostprocessing = 0;
		};
		1ADA33C31BC12F6000D65D9E /* Resources */ = {
			isa = PBXResourcesBuildPhase;
			buildActionMask = 2147483647;
			files = (
			);
			runOnlyForDeploymentPostprocessing = 0;
		};
		1ADA33CE1BC12F6000D65D9E /* Resources */ = {
			isa = PBXResourcesBuildPhase;
			buildActionMask = 2147483647;
			files = (
			);
			runOnlyForDeploymentPostprocessing = 0;
		};
		1ADA33D71BC12F6000D65D9E /* Resources */ = {
			isa = PBXResourcesBuildPhase;
			buildActionMask = 2147483647;
			files = (
				1ADA33E21BC12F6000D65D9E /* Assets.xcassets in Resources */,
				1ADA33E01BC12F6000D65D9E /* Interface.storyboard in Resources */,
			);
			runOnlyForDeploymentPostprocessing = 0;
		};
		1ADA33E61BC12F6000D65D9E /* Resources */ = {
			isa = PBXResourcesBuildPhase;
			buildActionMask = 2147483647;
			files = (
				1ADA33F41BC12F6000D65D9E /* Assets.xcassets in Resources */,
			);
			runOnlyForDeploymentPostprocessing = 0;
		};
/* End PBXResourcesBuildPhase section */

/* Begin PBXSourcesBuildPhase section */
		1ADA33A81BC12F6000D65D9E /* Sources */ = {
			isa = PBXSourcesBuildPhase;
			buildActionMask = 2147483647;
			files = (
				1ADA33B71BC12F6000D65D9E /* ViewController.m in Sources */,
				1ADA33B41BC12F6000D65D9E /* AppDelegate.m in Sources */,
				1ADA33B11BC12F6000D65D9E /* main.m in Sources */,
			);
			runOnlyForDeploymentPostprocessing = 0;
		};
		1ADA33C11BC12F6000D65D9E /* Sources */ = {
			isa = PBXSourcesBuildPhase;
			buildActionMask = 2147483647;
			files = (
				1ADA33CA1BC12F6000D65D9E /* SIC_FishCtrlTests.m in Sources */,
			);
			runOnlyForDeploymentPostprocessing = 0;
		};
		1ADA33CC1BC12F6000D65D9E /* Sources */ = {
			isa = PBXSourcesBuildPhase;
			buildActionMask = 2147483647;
			files = (
				1ADA33D51BC12F6000D65D9E /* SIC_FishCtrlUITests.m in Sources */,
			);
			runOnlyForDeploymentPostprocessing = 0;
		};
		1ADA33E41BC12F6000D65D9E /* Sources */ = {
			isa = PBXSourcesBuildPhase;
			buildActionMask = 2147483647;
			files = (
				1ADA33F21BC12F6000D65D9E /* ExtensionDelegate.m in Sources */,
				1ADA33EF1BC12F6000D65D9E /* InterfaceController.m in Sources */,
			);
			runOnlyForDeploymentPostprocessing = 0;
		};
/* End PBXSourcesBuildPhase section */

/* Begin PBXTargetDependency section */
		1ADA33C71BC12F6000D65D9E /* PBXTargetDependency */ = {
			isa = PBXTargetDependency;
			target = 1ADA33AB1BC12F6000D65D9E /* SIC-FishCtrl */;
			targetProxy = 1ADA33C61BC12F6000D65D9E /* PBXContainerItemProxy */;
		};
		1ADA33D21BC12F6000D65D9E /* PBXTargetDependency */ = {
			isa = PBXTargetDependency;
			target = 1ADA33AB1BC12F6000D65D9E /* SIC-FishCtrl */;
			targetProxy = 1ADA33D11BC12F6000D65D9E /* PBXContainerItemProxy */;
		};
		1ADA33DC1BC12F6000D65D9E /* PBXTargetDependency */ = {
			isa = PBXTargetDependency;
			target = 1ADA33D81BC12F6000D65D9E /* SIC-FishCtrl WatchKit App */;
			targetProxy = 1ADA33DB1BC12F6000D65D9E /* PBXContainerItemProxy */;
		};
		1ADA33EB1BC12F6000D65D9E /* PBXTargetDependency */ = {
			isa = PBXTargetDependency;
			target = 1ADA33E71BC12F6000D65D9E /* SIC-FishCtrl WatchKit Extension */;
			targetProxy = 1ADA33EA1BC12F6000D65D9E /* PBXContainerItemProxy */;
		};
/* End PBXTargetDependency section */

/* Begin PBXVariantGroup section */
		1ADA33B81BC12F6000D65D9E /* Main.storyboard */ = {
			isa = PBXVariantGroup;
			children = (
				1ADA33B91BC12F6000D65D9E /* Base */,
			);
			name = Main.storyboard;
			sourceTree = "<group>";
		};
		1ADA33BD1BC12F6000D65D9E /* LaunchScreen.storyboard */ = {
			isa = PBXVariantGroup;
			children = (
				1ADA33BE1BC12F6000D65D9E /* Base */,
			);
			name = LaunchScreen.storyboard;
			sourceTree = "<group>";
		};
		1ADA33DE1BC12F6000D65D9E /* Interface.storyboard */ = {
			isa = PBXVariantGroup;
			children = (
				1ADA33DF1BC12F6000D65D9E /* Base */,
			);
			name = Interface.storyboard;
			sourceTree = "<group>";
		};
/* End PBXVariantGroup section */

/* Begin XCBuildConfiguration section */
		1ADA33F61BC12F6000D65D9E /* Debug */ = {
			isa = XCBuildConfiguration;
			buildSettings = {
				ALWAYS_SEARCH_USER_PATHS = NO;
				CLANG_CXX_LANGUAGE_STANDARD = "gnu++0x";
				CLANG_CXX_LIBRARY = "libc++";
				CLANG_ENABLE_MODULES = YES;
				CLANG_ENABLE_OBJC_ARC = YES;
				CLANG_WARN_BOOL_CONVERSION = YES;
				CLANG_WARN_CONSTANT_CONVERSION = YES;
				CLANG_WARN_DIRECT_OBJC_ISA_USAGE = YES_ERROR;
				CLANG_WARN_EMPTY_BODY = YES;
				CLANG_WARN_ENUM_CONVERSION = YES;
				CLANG_WARN_INT_CONVERSION = YES;
				CLANG_WARN_OBJC_ROOT_CLASS = YES_ERROR;
				CLANG_WARN_UNREACHABLE_CODE = YES;
				CLANG_WARN__DUPLICATE_METHOD_MATCH = YES;
				"CODE_SIGN_IDENTITY[sdk=iphoneos*]" = "iPhone Developer";
				COPY_PHASE_STRIP = NO;
				DEBUG_INFORMATION_FORMAT = dwarf;
				ENABLE_STRICT_OBJC_MSGSEND = YES;
				ENABLE_TESTABILITY = YES;
				GCC_C_LANGUAGE_STANDARD = gnu99;
				GCC_DYNAMIC_NO_PIC = NO;
				GCC_NO_COMMON_BLOCKS = YES;
				GCC_OPTIMIZATION_LEVEL = 0;
				GCC_PREPROCESSOR_DEFINITIONS = (
					"DEBUG=1",
					"$(inherited)",
				);
				GCC_WARN_64_TO_32_BIT_CONVERSION = YES;
				GCC_WARN_ABOUT_RETURN_TYPE = YES_ERROR;
				GCC_WARN_UNDECLARED_SELECTOR = YES;
				GCC_WARN_UNINITIALIZED_AUTOS = YES_AGGRESSIVE;
				GCC_WARN_UNUSED_FUNCTION = YES;
				GCC_WARN_UNUSED_VARIABLE = YES;
				IPHONEOS_DEPLOYMENT_TARGET = 9.0;
				MTL_ENABLE_DEBUG_INFO = YES;
				ONLY_ACTIVE_ARCH = YES;
				SDKROOT = iphoneos;
			};
			name = Debug;
		};
		1ADA33F71BC12F6000D65D9E /* Release */ = {
			isa = XCBuildConfiguration;
			buildSettings = {
				ALWAYS_SEARCH_USER_PATHS = NO;
				CLANG_CXX_LANGUAGE_STANDARD = "gnu++0x";
				CLANG_CXX_LIBRARY = "libc++";
				CLANG_ENABLE_MODULES = YES;
				CLANG_ENABLE_OBJC_ARC = YES;
				CLANG_WARN_BOOL_CONVERSION = YES;
				CLANG_WARN_CONSTANT_CONVERSION = YES;
				CLANG_WARN_DIRECT_OBJC_ISA_USAGE = YES_ERROR;
				CLANG_WARN_EMPTY_BODY = YES;
				CLANG_WARN_ENUM_CONVERSION = YES;
				CLANG_WARN_INT_CONVERSION = YES;
				CLANG_WARN_OBJC_ROOT_CLASS = YES_ERROR;
				CLANG_WARN_UNREACHABLE_CODE = YES;
				CLANG_WARN__DUPLICATE_METHOD_MATCH = YES;
				"CODE_SIGN_IDENTITY[sdk=iphoneos*]" = "iPhone Developer";
				COPY_PHASE_STRIP = NO;
				DEBUG_INFORMATION_FORMAT = "dwarf-with-dsym";
				ENABLE_NS_ASSERTIONS = NO;
				ENABLE_STRICT_OBJC_MSGSEND = YES;
				GCC_C_LANGUAGE_STANDARD = gnu99;
				GCC_NO_COMMON_BLOCKS = YES;
				GCC_WARN_64_TO_32_BIT_CONVERSION = YES;
				GCC_WARN_ABOUT_RETURN_TYPE = YES_ERROR;
				GCC_WARN_UNDECLARED_SELECTOR = YES;
				GCC_WARN_UNINITIALIZED_AUTOS = YES_AGGRESSIVE;
				GCC_WARN_UNUSED_FUNCTION = YES;
				GCC_WARN_UNUSED_VARIABLE = YES;
				IPHONEOS_DEPLOYMENT_TARGET = 9.0;
				MTL_ENABLE_DEBUG_INFO = NO;
				SDKROOT = iphoneos;
				VALIDATE_PRODUCT = YES;
			};
			name = Release;
		};
		1ADA33F91BC12F6000D65D9E /* Debug */ = {
			isa = XCBuildConfiguration;
			buildSettings = {
				INFOPLIST_FILE = "SIC-FishCtrl WatchKit Extension/Info.plist";
				LD_RUNPATH_SEARCH_PATHS = "$(inherited) @executable_path/Frameworks @executable_path/../../Frameworks";
				PRODUCT_BUNDLE_IDENTIFIER = "KP.SIC-FishCtrl.watchkitapp.watchkitextension";
				PRODUCT_NAME = "${TARGET_NAME}";
				SDKROOT = watchos;
				SKIP_INSTALL = YES;
				TARGETED_DEVICE_FAMILY = 4;
				WATCHOS_DEPLOYMENT_TARGET = 2.0;
			};
			name = Debug;
		};
		1ADA33FA1BC12F6000D65D9E /* Release */ = {
			isa = XCBuildConfiguration;
			buildSettings = {
				INFOPLIST_FILE = "SIC-FishCtrl WatchKit Extension/Info.plist";
				LD_RUNPATH_SEARCH_PATHS = "$(inherited) @executable_path/Frameworks @executable_path/../../Frameworks";
				PRODUCT_BUNDLE_IDENTIFIER = "KP.SIC-FishCtrl.watchkitapp.watchkitextension";
				PRODUCT_NAME = "${TARGET_NAME}";
				SDKROOT = watchos;
				SKIP_INSTALL = YES;
				TARGETED_DEVICE_FAMILY = 4;
				WATCHOS_DEPLOYMENT_TARGET = 2.0;
			};
			name = Release;
		};
		1ADA33FD1BC12F6000D65D9E /* Debug */ = {
			isa = XCBuildConfiguration;
			buildSettings = {
				ASSETCATALOG_COMPILER_APPICON_NAME = AppIcon;
				IBSC_MODULE = SIC_FishCtrl_WatchKit_Extension;
				INFOPLIST_FILE = "SIC-FishCtrl WatchKit App/Info.plist";
				PRODUCT_BUNDLE_IDENTIFIER = "KP.SIC-FishCtrl.watchkitapp";
				PRODUCT_NAME = "$(TARGET_NAME)";
				SDKROOT = watchos;
				SKIP_INSTALL = YES;
				TARGETED_DEVICE_FAMILY = 4;
				WATCHOS_DEPLOYMENT_TARGET = 2.0;
			};
			name = Debug;
		};
		1ADA33FE1BC12F6000D65D9E /* Release */ = {
			isa = XCBuildConfiguration;
			buildSettings = {
				ASSETCATALOG_COMPILER_APPICON_NAME = AppIcon;
				IBSC_MODULE = SIC_FishCtrl_WatchKit_Extension;
				INFOPLIST_FILE = "SIC-FishCtrl WatchKit App/Info.plist";
				PRODUCT_BUNDLE_IDENTIFIER = "KP.SIC-FishCtrl.watchkitapp";
				PRODUCT_NAME = "$(TARGET_NAME)";
				SDKROOT = watchos;
				SKIP_INSTALL = YES;
				TARGETED_DEVICE_FAMILY = 4;
				WATCHOS_DEPLOYMENT_TARGET = 2.0;
			};
			name = Release;
		};
		1ADA34011BC12F6000D65D9E /* Debug */ = {
			isa = XCBuildConfiguration;
			buildSettings = {
				ASSETCATALOG_COMPILER_APPICON_NAME = AppIcon;
				INFOPLIST_FILE = "SIC-FishCtrl/Info.plist";
				LD_RUNPATH_SEARCH_PATHS = "$(inherited) @executable_path/Frameworks";
				PRODUCT_BUNDLE_IDENTIFIER = "KP.SIC-FishCtrl";
				PRODUCT_NAME = "$(TARGET_NAME)";
			};
			name = Debug;
		};
		1ADA34021BC12F6000D65D9E /* Release */ = {
			isa = XCBuildConfiguration;
			buildSettings = {
				ASSETCATALOG_COMPILER_APPICON_NAME = AppIcon;
				INFOPLIST_FILE = "SIC-FishCtrl/Info.plist";
				LD_RUNPATH_SEARCH_PATHS = "$(inherited) @executable_path/Frameworks";
				PRODUCT_BUNDLE_IDENTIFIER = "KP.SIC-FishCtrl";
				PRODUCT_NAME = "$(TARGET_NAME)";
			};
			name = Release;
		};
		1ADA34041BC12F6000D65D9E /* Debug */ = {
			isa = XCBuildConfiguration;
			buildSettings = {
				BUNDLE_LOADER = "$(TEST_HOST)";
				INFOPLIST_FILE = "SIC-FishCtrlTests/Info.plist";
				LD_RUNPATH_SEARCH_PATHS = "$(inherited) @executable_path/Frameworks @loader_path/Frameworks";
				PRODUCT_BUNDLE_IDENTIFIER = "KP.SIC-FishCtrlTests";
				PRODUCT_NAME = "$(TARGET_NAME)";
				TEST_HOST = "$(BUILT_PRODUCTS_DIR)/SIC-FishCtrl.app/SIC-FishCtrl";
			};
			name = Debug;
		};
		1ADA34051BC12F6000D65D9E /* Release */ = {
			isa = XCBuildConfiguration;
			buildSettings = {
				BUNDLE_LOADER = "$(TEST_HOST)";
				INFOPLIST_FILE = "SIC-FishCtrlTests/Info.plist";
				LD_RUNPATH_SEARCH_PATHS = "$(inherited) @executable_path/Frameworks @loader_path/Frameworks";
				PRODUCT_BUNDLE_IDENTIFIER = "KP.SIC-FishCtrlTests";
				PRODUCT_NAME = "$(TARGET_NAME)";
				TEST_HOST = "$(BUILT_PRODUCTS_DIR)/SIC-FishCtrl.app/SIC-FishCtrl";
			};
			name = Release;
		};
		1ADA34071BC12F6000D65D9E /* Debug */ = {
			isa = XCBuildConfiguration;
			buildSettings = {
				INFOPLIST_FILE = "SIC-FishCtrlUITests/Info.plist";
				LD_RUNPATH_SEARCH_PATHS = "$(inherited) @executable_path/Frameworks @loader_path/Frameworks";
				PRODUCT_BUNDLE_IDENTIFIER = "KP.SIC-FishCtrlUITests";
				PRODUCT_NAME = "$(TARGET_NAME)";
				TEST_TARGET_NAME = "SIC-FishCtrl";
				USES_XCTRUNNER = YES;
			};
			name = Debug;
		};
		1ADA34081BC12F6000D65D9E /* Release */ = {
			isa = XCBuildConfiguration;
			buildSettings = {
				INFOPLIST_FILE = "SIC-FishCtrlUITests/Info.plist";
				LD_RUNPATH_SEARCH_PATHS = "$(inherited) @executable_path/Frameworks @loader_path/Frameworks";
				PRODUCT_BUNDLE_IDENTIFIER = "KP.SIC-FishCtrlUITests";
				PRODUCT_NAME = "$(TARGET_NAME)";
				TEST_TARGET_NAME = "SIC-FishCtrl";
				USES_XCTRUNNER = YES;
			};
			name = Release;
		};
/* End XCBuildConfiguration section */

/* Begin XCConfigurationList section */
		1ADA33A71BC12F6000D65D9E /* Build configuration list for PBXProject "SIC-FishCtrl" */ = {
			isa = XCConfigurationList;
			buildConfigurations = (
				1ADA33F61BC12F6000D65D9E /* Debug */,
				1ADA33F71BC12F6000D65D9E /* Release */,
			);
			defaultConfigurationIsVisible = 0;
			defaultConfigurationName = Release;
		};
		1ADA33F81BC12F6000D65D9E /* Build configuration list for PBXNativeTarget "SIC-FishCtrl WatchKit Extension" */ = {
			isa = XCConfigurationList;
			buildConfigurations = (
				1ADA33F91BC12F6000D65D9E /* Debug */,
				1ADA33FA1BC12F6000D65D9E /* Release */,
			);
			defaultConfigurationIsVisible = 0;
		};
		1ADA33FC1BC12F6000D65D9E /* Build configuration list for PBXNativeTarget "SIC-FishCtrl WatchKit App" */ = {
			isa = XCConfigurationList;
			buildConfigurations = (
				1ADA33FD1BC12F6000D65D9E /* Debug */,
				1ADA33FE1BC12F6000D65D9E /* Release */,
			);
			defaultConfigurationIsVisible = 0;
		};
		1ADA34001BC12F6000D65D9E /* Build configuration list for PBXNativeTarget "SIC-FishCtrl" */ = {
			isa = XCConfigurationList;
			buildConfigurations = (
				1ADA34011BC12F6000D65D9E /* Debug */,
				1ADA34021BC12F6000D65D9E /* Release */,
			);
			defaultConfigurationIsVisible = 0;
		};
		1ADA34031BC12F6000D65D9E /* Build configuration list for PBXNativeTarget "SIC-FishCtrlTests" */ = {
			isa = XCConfigurationList;
			buildConfigurations = (
				1ADA34041BC12F6000D65D9E /* Debug */,
				1ADA34051BC12F6000D65D9E /* Release */,
			);
			defaultConfigurationIsVisible = 0;
		};
		1ADA34061BC12F6000D65D9E /* Build configuration list for PBXNativeTarget "SIC-FishCtrlUITests" */ = {
			isa = XCConfigurationList;
			buildConfigurations = (
				1ADA34071BC12F6000D65D9E /* Debug */,
				1ADA34081BC12F6000D65D9E /* Release */,
			);
			defaultConfigurationIsVisible = 0;
		};
/* End XCConfigurationList section */
	};
	rootObject = 1ADA33A41BC12F6000D65D9E /* Project object */;
}
